// !$*UTF8*$!
{
	archiveVersion = 1;
	classes = {
	};
	objectVersion = 46;
	objects = {

/* Begin PBXBuildFile section */
		26A0A8631B33D6C6005F5A48 /* main.m in Sources */ = {isa = PBXBuildFile; fileRef = 26A0A8621B33D6C6005F5A48 /* main.m */; };
		26A0A8661B33D6C6005F5A48 /* AppDelegate.m in Sources */ = {isa = PBXBuildFile; fileRef = 26A0A8651B33D6C6005F5A48 /* AppDelegate.m */; };
		26A0A8691B33D6C6005F5A48 /* ViewController.m in Sources */ = {isa = PBXBuildFile; fileRef = 26A0A8681B33D6C6005F5A48 /* ViewController.m */; };
		26A0A86C1B33D6C6005F5A48 /* Main.storyboard in Resources */ = {isa = PBXBuildFile; fileRef = 26A0A86A1B33D6C6005F5A48 /* Main.storyboard */; };
		26A0A86E1B33D6C6005F5A48 /* Images.xcassets in Resources */ = {isa = PBXBuildFile; fileRef = 26A0A86D1B33D6C6005F5A48 /* Images.xcassets */; };
		26A0A8711B33D6C6005F5A48 /* LaunchScreen.xib in Resources */ = {isa = PBXBuildFile; fileRef = 26A0A86F1B33D6C6005F5A48 /* LaunchScreen.xib */; };
		26A0A87D1B33D6C6005F5A48 /* InteractionOnSubviewsTests.m in Sources */ = {isa = PBXBuildFile; fileRef = 26A0A87C1B33D6C6005F5A48 /* InteractionOnSubviewsTests.m */; };
		26A0A88F1B33D77B005F5A48 /* UIView+InteractionOnSubviews.m in Sources */ = {isa = PBXBuildFile; fileRef = 26A0A88E1B33D77B005F5A48 /* UIView+InteractionOnSubviews.m */; };
/* End PBXBuildFile section */

/* Begin PBXContainerItemProxy section */
		26A0A8771B33D6C6005F5A48 /* PBXContainerItemProxy */ = {
			isa = PBXContainerItemProxy;
			containerPortal = 26A0A8551B33D6C6005F5A48 /* Project object */;
			proxyType = 1;
			remoteGlobalIDString = 26A0A85C1B33D6C6005F5A48;
			remoteInfo = InteractionOnSubviews;
		};
/* End PBXContainerItemProxy section */

/* Begin PBXFileReference section */
		26A0A85D1B33D6C6005F5A48 /* InteractionOnSubviews.app */ = {isa = PBXFileReference; explicitFileType = wrapper.application; includeInIndex = 0; path = InteractionOnSubviews.app; sourceTree = BUILT_PRODUCTS_DIR; };
		26A0A8611B33D6C6005F5A48 /* Info.plist */ = {isa = PBXFileReference; lastKnownFileType = text.plist.xml; path = Info.plist; sourceTree = "<group>"; };
		26A0A8621B33D6C6005F5A48 /* main.m */ = {isa = PBXFileReference; lastKnownFileType = sourcecode.c.objc; path = main.m; sourceTree = "<group>"; };
		26A0A8641B33D6C6005F5A48 /* AppDelegate.h */ = {isa = PBXFileReference; lastKnownFileType = sourcecode.c.h; path = AppDelegate.h; sourceTree = "<group>"; };
		26A0A8651B33D6C6005F5A48 /* AppDelegate.m */ = {isa = PBXFileReference; lastKnownFileType = sourcecode.c.objc; path = AppDelegate.m; sourceTree = "<group>"; };
		26A0A8671B33D6C6005F5A48 /* ViewController.h */ = {isa = PBXFileReference; lastKnownFileType = sourcecode.c.h; path = ViewController.h; sourceTree = "<group>"; };
		26A0A8681B33D6C6005F5A48 /* ViewController.m */ = {isa = PBXFileReference; lastKnownFileType = sourcecode.c.objc; path = ViewController.m; sourceTree = "<group>"; };
		26A0A86B1B33D6C6005F5A48 /* Base */ = {isa = PBXFileReference; lastKnownFileType = file.storyboard; name = Base; path = Base.lproj/Main.storyboard; sourceTree = "<group>"; };
		26A0A86D1B33D6C6005F5A48 /* Images.xcassets */ = {isa = PBXFileReference; lastKnownFileType = folder.assetcatalog; path = Images.xcassets; sourceTree = "<group>"; };
		26A0A8701B33D6C6005F5A48 /* Base */ = {isa = PBXFileReference; lastKnownFileType = file.xib; name = Base; path = Base.lproj/LaunchScreen.xib; sourceTree = "<group>"; };
		26A0A8761B33D6C6005F5A48 /* InteractionOnSubviewsTests.xctest */ = {isa = PBXFileReference; explicitFileType = wrapper.cfbundle; includeInIndex = 0; path = InteractionOnSubviewsTests.xctest; sourceTree = BUILT_PRODUCTS_DIR; };
		26A0A87B1B33D6C6005F5A48 /* Info.plist */ = {isa = PBXFileReference; lastKnownFileType = text.plist.xml; path = Info.plist; sourceTree = "<group>"; };
		26A0A87C1B33D6C6005F5A48 /* InteractionOnSubviewsTests.m */ = {isa = PBXFileReference; lastKnownFileType = sourcecode.c.objc; path = InteractionOnSubviewsTests.m; sourceTree = "<group>"; };
		26A0A88D1B33D77B005F5A48 /* UIView+InteractionOnSubviews.h */ = {isa = PBXFileReference; fileEncoding = 4; lastKnownFileType = sourcecode.c.h; path = "UIView+InteractionOnSubviews.h"; sourceTree = "<group>"; };
		26A0A88E1B33D77B005F5A48 /* UIView+InteractionOnSubviews.m */ = {isa = PBXFileReference; fileEncoding = 4; lastKnownFileType = sourcecode.c.objc; path = "UIView+InteractionOnSubviews.m"; sourceTree = "<group>"; };
/* End PBXFileReference section */

/* Begin PBXFrameworksBuildPhase section */
		26A0A85A1B33D6C6005F5A48 /* Frameworks */ = {
			isa = PBXFrameworksBuildPhase;
			buildActionMask = 2147483647;
			files = (
			);
			runOnlyForDeploymentPostprocessing = 0;
		};
		26A0A8731B33D6C6005F5A48 /* Frameworks */ = {
			isa = PBXFrameworksBuildPhase;
			buildActionMask = 2147483647;
			files = (
			);
			runOnlyForDeploymentPostprocessing = 0;
		};
/* End PBXFrameworksBuildPhase section */

/* Begin PBXGroup section */
		26A0A8541B33D6C6005F5A48 = {
			isa = PBXGroup;
			children = (
				26A0A85F1B33D6C6005F5A48 /* InteractionOnSubviews */,
				26A0A8791B33D6C6005F5A48 /* InteractionOnSubviewsTests */,
				26A0A85E1B33D6C6005F5A48 /* Products */,
			);
			sourceTree = "<group>";
		};
		26A0A85E1B33D6C6005F5A48 /* Products */ = {
			isa = PBXGroup;
			children = (
				26A0A85D1B33D6C6005F5A48 /* InteractionOnSubviews.app */,
				26A0A8761B33D6C6005F5A48 /* InteractionOnSubviewsTests.xctest */,
			);
			name = Products;
			sourceTree = "<group>";
		};
		26A0A85F1B33D6C6005F5A48 /* InteractionOnSubviews */ = {
			isa = PBXGroup;
			children = (
				26A0A88C1B33D77B005F5A48 /* UIView+InteractionOnSubviews */,
				26A0A8641B33D6C6005F5A48 /* AppDelegate.h */,
				26A0A8651B33D6C6005F5A48 /* AppDelegate.m */,
				26A0A8671B33D6C6005F5A48 /* ViewController.h */,
				26A0A8681B33D6C6005F5A48 /* ViewController.m */,
				26A0A8601B33D6C6005F5A48 /* Supporting Files */,
			);
			path = InteractionOnSubviews;
			sourceTree = "<group>";
		};
		26A0A8601B33D6C6005F5A48 /* Supporting Files */ = {
			isa = PBXGroup;
			children = (
				26A0A86A1B33D6C6005F5A48 /* Main.storyboard */,
				26A0A86D1B33D6C6005F5A48 /* Images.xcassets */,
				26A0A86F1B33D6C6005F5A48 /* LaunchScreen.xib */,
				26A0A8611B33D6C6005F5A48 /* Info.plist */,
				26A0A8621B33D6C6005F5A48 /* main.m */,
			);
			name = "Supporting Files";
			sourceTree = "<group>";
		};
		26A0A8791B33D6C6005F5A48 /* InteractionOnSubviewsTests */ = {
			isa = PBXGroup;
			children = (
				26A0A87C1B33D6C6005F5A48 /* InteractionOnSubviewsTests.m */,
				26A0A87A1B33D6C6005F5A48 /* Supporting Files */,
			);
			path = InteractionOnSubviewsTests;
			sourceTree = "<group>";
		};
		26A0A87A1B33D6C6005F5A48 /* Supporting Files */ = {
			isa = PBXGroup;
			children = (
				26A0A87B1B33D6C6005F5A48 /* Info.plist */,
			);
			name = "Supporting Files";
			sourceTree = "<group>";
		};
		26A0A88C1B33D77B005F5A48 /* UIView+InteractionOnSubviews */ = {
			isa = PBXGroup;
			children = (
				26A0A88D1B33D77B005F5A48 /* UIView+InteractionOnSubviews.h */,
				26A0A88E1B33D77B005F5A48 /* UIView+InteractionOnSubviews.m */,
			);
			path = "UIView+InteractionOnSubviews";
			sourceTree = "<group>";
		};
/* End PBXGroup section */

/* Begin PBXNativeTarget section */
		26A0A85C1B33D6C6005F5A48 /* InteractionOnSubviews */ = {
			isa = PBXNativeTarget;
			buildConfigurationList = 26A0A8801B33D6C6005F5A48 /* Build configuration list for PBXNativeTarget "InteractionOnSubviews" */;
			buildPhases = (
				26A0A8591B33D6C6005F5A48 /* Sources */,
				26A0A85A1B33D6C6005F5A48 /* Frameworks */,
				26A0A85B1B33D6C6005F5A48 /* Resources */,
			);
			buildRules = (
			);
			dependencies = (
			);
			name = InteractionOnSubviews;
			productName = InteractionOnSubviews;
			productReference = 26A0A85D1B33D6C6005F5A48 /* InteractionOnSubviews.app */;
			productType = "com.apple.product-type.application";
		};
		26A0A8751B33D6C6005F5A48 /* InteractionOnSubviewsTests */ = {
			isa = PBXNativeTarget;
			buildConfigurationList = 26A0A8831B33D6C6005F5A48 /* Build configuration list for PBXNativeTarget "InteractionOnSubviewsTests" */;
			buildPhases = (
				26A0A8721B33D6C6005F5A48 /* Sources */,
				26A0A8731B33D6C6005F5A48 /* Frameworks */,
				26A0A8741B33D6C6005F5A48 /* Resources */,
			);
			buildRules = (
			);
			dependencies = (
				26A0A8781B33D6C6005F5A48 /* PBXTargetDependency */,
			);
			name = InteractionOnSubviewsTests;
			productName = InteractionOnSubviewsTests;
			productReference = 26A0A8761B33D6C6005F5A48 /* InteractionOnSubviewsTests.xctest */;
			productType = "com.apple.product-type.bundle.unit-test";
		};
/* End PBXNativeTarget section */

/* Begin PBXProject section */
		26A0A8551B33D6C6005F5A48 /* Project object */ = {
			isa = PBXProject;
			attributes = {
				LastUpgradeCheck = 0630;
				ORGANIZATIONNAME = Tina;
				TargetAttributes = {
					26A0A85C1B33D6C6005F5A48 = {
						CreatedOnToolsVersion = 6.3.2;
					};
					26A0A8751B33D6C6005F5A48 = {
						CreatedOnToolsVersion = 6.3.2;
						TestTargetID = 26A0A85C1B33D6C6005F5A48;
					};
				};
			};
			buildConfigurationList = 26A0A8581B33D6C6005F5A48 /* Build configuration list for PBXProject "InteractionOnSubviews" */;
			compatibilityVersion = "Xcode 3.2";
			developmentRegion = English;
			hasScannedForEncodings = 0;
			knownRegions = (
				en,
				Base,
			);
			mainGroup = 26A0A8541B33D6C6005F5A48;
			productRefGroup = 26A0A85E1B33D6C6005F5A48 /* Products */;
			projectDirPath = "";
			projectRoot = "";
			targets = (
				26A0A85C1B33D6C6005F5A48 /* InteractionOnSubviews */,
				26A0A8751B33D6C6005F5A48 /* InteractionOnSubviewsTests */,
			);
		};
/* End PBXProject section */

/* Begin PBXResourcesBuildPhase section */
		26A0A85B1B33D6C6005F5A48 /* Resources */ = {
			isa = PBXResourcesBuildPhase;
			buildActionMask = 2147483647;
			files = (
				26A0A86C1B33D6C6005F5A48 /* Main.storyboard in Resources */,
				26A0A8711B33D6C6005F5A48 /* LaunchScreen.xib in Resources */,
				26A0A86E1B33D6C6005F5A48 /* Images.xcassets in Resources */,
			);
			runOnlyForDeploymentPostprocessing = 0;
		};
		26A0A8741B33D6C6005F5A48 /* Resources */ = {
			isa = PBXResourcesBuildPhase;
			buildActionMask = 2147483647;
			files = (
			);
			runOnlyForDeploymentPostprocessing = 0;
		};
/* End PBXResourcesBuildPhase section */

/* Begin PBXSourcesBuildPhase section */
		26A0A8591B33D6C6005F5A48 /* Sources */ = {
			isa = PBXSourcesBuildPhase;
			buildActionMask = 2147483647;
			files = (
				26A0A8691B33D6C6005F5A48 /* ViewController.m in Sources */,
				26A0A8661B33D6C6005F5A48 /* AppDelegate.m in Sources */,
				26A0A88F1B33D77B005F5A48 /* UIView+InteractionOnSubviews.m in Sources */,
				26A0A8631B33D6C6005F5A48 /* main.m in Sources */,
			);
			runOnlyForDeploymentPostprocessing = 0;
		};
		26A0A8721B33D6C6005F5A48 /* Sources */ = {
			isa = PBXSourcesBuildPhase;
			buildActionMask = 2147483647;
			files = (
				26A0A87D1B33D6C6005F5A48 /* InteractionOnSubviewsTests.m in Sources */,
			);
			runOnlyForDeploymentPostprocessing = 0;
		};
/* End PBXSourcesBuildPhase section */

/* Begin PBXTargetDependency section */
		26A0A8781B33D6C6005F5A48 /* PBXTargetDependency */ = {
			isa = PBXTargetDependency;
			target = 26A0A85C1B33D6C6005F5A48 /* InteractionOnSubviews */;
			targetProxy = 26A0A8771B33D6C6005F5A48 /* PBXContainerItemProxy */;
		};
/* End PBXTargetDependency section */

/* Begin PBXVariantGroup section */
		26A0A86A1B33D6C6005F5A48 /* Main.storyboard */ = {
			isa = PBXVariantGroup;
			children = (
				26A0A86B1B33D6C6005F5A48 /* Base */,
			);
			name = Main.storyboard;
			sourceTree = "<group>";
		};
		26A0A86F1B33D6C6005F5A48 /* LaunchScreen.xib */ = {
			isa = PBXVariantGroup;
			children = (
				26A0A8701B33D6C6005F5A48 /* Base */,
			);
			name = LaunchScreen.xib;
			sourceTree = "<group>";
		};
/* End PBXVariantGroup section */

/* Begin XCBuildConfiguration section */
		26A0A87E1B33D6C6005F5A48 /* Debug */ = {
			isa = XCBuildConfiguration;
			buildSettings = {
				ALWAYS_SEARCH_USER_PATHS = NO;
				CLANG_CXX_LANGUAGE_STANDARD = "gnu++0x";
				CLANG_CXX_LIBRARY = "libc++";
				CLANG_ENABLE_MODULES = YES;
				CLANG_ENABLE_OBJC_ARC = YES;
				CLANG_WARN_BOOL_CONVERSION = YES;
				CLANG_WARN_CONSTANT_CONVERSION = YES;
				CLANG_WARN_DIRECT_OBJC_ISA_USAGE = YES_ERROR;
				CLANG_WARN_EMPTY_BODY = YES;
				CLANG_WARN_ENUM_CONVERSION = YES;
				CLANG_WARN_INT_CONVERSION = YES;
				CLANG_WARN_OBJC_ROOT_CLASS = YES_ERROR;
				CLANG_WARN_UNREACHABLE_CODE = YES;
				CLANG_WARN__DUPLICATE_METHOD_MATCH = YES;
				"CODE_SIGN_IDENTITY[sdk=iphoneos*]" = "iPhone Developer";
				COPY_PHASE_STRIP = NO;
				DEBUG_INFORMATION_FORMAT = "dwarf-with-dsym";
				ENABLE_STRICT_OBJC_MSGSEND = YES;
				GCC_C_LANGUAGE_STANDARD = gnu99;
				GCC_DYNAMIC_NO_PIC = NO;
				GCC_NO_COMMON_BLOCKS = YES;
				GCC_OPTIMIZATION_LEVEL = 0;
				GCC_PREPROCESSOR_DEFINITIONS = (
					"DEBUG=1",
					"$(inherited)",
				);
				GCC_SYMBOLS_PRIVATE_EXTERN = NO;
				GCC_WARN_64_TO_32_BIT_CONVERSION = YES;
				GCC_WARN_ABOUT_RETURN_TYPE = YES_ERROR;
				GCC_WARN_UNDECLARED_SELECTOR = YES;
				GCC_WARN_UNINITIALIZED_AUTOS = YES_AGGRESSIVE;
				GCC_WARN_UNUSED_FUNCTION = YES;
				GCC_WARN_UNUSED_VARIABLE = YES;
				IPHONEOS_DEPLOYMENT_TARGET = 8.3;
				MTL_ENABLE_DEBUG_INFO = YES;
				ONLY_ACTIVE_ARCH = YES;
				SDKROOT = iphoneos;
			};
			name = Debug;
		};
		26A0A87F1B33D6C6005F5A48 /* Release */ = {
			isa = XCBuildConfiguration;
			buildSettings = {
				ALWAYS_SEARCH_USER_PATHS = NO;
				CLANG_CXX_LANGUAGE_STANDARD = "gnu++0x";
				CLANG_CXX_LIBRARY = "libc++";
				CLANG_ENABLE_MODULES = YES;
				CLANG_ENABLE_OBJC_ARC = YES;
				CLANG_WARN_BOOL_CONVERSION = YES;
				CLANG_WARN_CONSTANT_CONVERSION = YES;
				CLANG_WARN_DIRECT_OBJC_ISA_USAGE = YES_ERROR;
				CLANG_WARN_EMPTY_BODY = YES;
				CLANG_WARN_ENUM_CONVERSION = YES;
				CLANG_WARN_INT_CONVERSION = YES;
				CLANG_WARN_OBJC_ROOT_CLASS = YES_ERROR;
				CLANG_WARN_UNREACHABLE_CODE = YES;
				CLANG_WARN__DUPLICATE_METHOD_MATCH = YES;
				"CODE_SIGN_IDENTITY[sdk=iphoneos*]" = "iPhone Developer";
				COPY_PHASE_STRIP = NO;
				DEBUG_INFORMATION_FORMAT = "dwarf-with-dsym";
				ENABLE_NS_ASSERTIONS = NO;
				ENABLE_STRICT_OBJC_MSGSEND = YES;
				GCC_C_LANGUAGE_STANDARD = gnu99;
				GCC_NO_COMMON_BLOCKS = YES;
				GCC_WARN_64_TO_32_BIT_CONVERSION = YES;
				GCC_WARN_ABOUT_RETURN_TYPE = YES_ERROR;
				GCC_WARN_UNDECLARED_SELECTOR = YES;
				GCC_WARN_UNINITIALIZED_AUTOS = YES_AGGRESSIVE;
				GCC_WARN_UNUSED_FUNCTION = YES;
				GCC_WARN_UNUSED_VARIABLE = YES;
				IPHONEOS_DEPLOYMENT_TARGET = 8.3;
				MTL_ENABLE_DEBUG_INFO = NO;
				SDKROOT = iphoneos;
				VALIDATE_PRODUCT = YES;
			};
			name = Release;
		};
		26A0A8811B33D6C6005F5A48 /* Debug */ = {
			isa = XCBuildConfiguration;
			buildSettings = {
				ASSETCATALOG_COMPILER_APPICON_NAME = AppIcon;
				INFOPLIST_FILE = InteractionOnSubviews/Info.plist;
				LD_RUNPATH_SEARCH_PATHS = "$(inherited) @executable_path/Frameworks";
				PRODUCT_NAME = "$(TARGET_NAME)";
			};
			name = Debug;
		};
		26A0A8821B33D6C6005F5A48 /* Release */ = {
			isa = XCBuildConfiguration;
			buildSettings = {
				ASSETCATALOG_COMPILER_APPICON_NAME = AppIcon;
				INFOPLIST_FILE = InteractionOnSubviews/Info.plist;
				LD_RUNPATH_SEARCH_PATHS = "$(inherited) @executable_path/Frameworks";
				PRODUCT_NAME = "$(TARGET_NAME)";
			};
			name = Release;
		};
		26A0A8841B33D6C6005F5A48 /* Debug */ = {
			isa = XCBuildConfiguration;
			buildSettings = {
				BUNDLE_LOADER = "$(TEST_HOST)";
				FRAMEWORK_SEARCH_PATHS = (
					"$(SDKROOT)/Developer/Library/Frameworks",
					"$(inherited)",
				);
				GCC_PREPROCESSOR_DEFINITIONS = (
					"DEBUG=1",
					"$(inherited)",
				);
				INFOPLIST_FILE = InteractionOnSubviewsTests/Info.plist;
				LD_RUNPATH_SEARCH_PATHS = "$(inherited) @executable_path/Frameworks @loader_path/Frameworks";
				PRODUCT_NAME = "$(TARGET_NAME)";
				TEST_HOST = "$(BUILT_PRODUCTS_DIR)/InteractionOnSubviews.app/InteractionOnSubviews";
			};
			name = Debug;
		};
		26A0A8851B33D6C6005F5A48 /* Release */ = {
			isa = XCBuildConfiguration;
			buildSettings = {
				BUNDLE_LOADER = "$(TEST_HOST)";
				FRAMEWORK_SEARCH_PATHS = (
					"$(SDKROOT)/Developer/Library/Frameworks",
					"$(inherited)",
				);
				INFOPLIST_FILE = InteractionOnSubviewsTests/Info.plist;
				LD_RUNPATH_SEARCH_PATHS = "$(inherited) @executable_path/Frameworks @loader_path/Frameworks";
				PRODUCT_NAME = "$(TARGET_NAME)";
				TEST_HOST = "$(BUILT_PRODUCTS_DIR)/InteractionOnSubviews.app/InteractionOnSubviews";
			};
			name = Release;
		};
/* End XCBuildConfiguration section */

/* Begin XCConfigurationList section */
		26A0A8581B33D6C6005F5A48 /* Build configuration list for PBXProject "InteractionOnSubviews" */ = {
			isa = XCConfigurationList;
			buildConfigurations = (
				26A0A87E1B33D6C6005F5A48 /* Debug */,
				26A0A87F1B33D6C6005F5A48 /* Release */,
			);
			defaultConfigurationIsVisible = 0;
			defaultConfigurationName = Release;
		};
		26A0A8801B33D6C6005F5A48 /* Build configuration list for PBXNativeTarget "InteractionOnSubviews" */ = {
			isa = XCConfigurationList;
			buildConfigurations = (
				26A0A8811B33D6C6005F5A48 /* Debug */,
				26A0A8821B33D6C6005F5A48 /* Release */,
			);
			defaultConfigurationIsVisible = 0;
			defaultConfigurationName = Release;
		};
		26A0A8831B33D6C6005F5A48 /* Build configuration list for PBXNativeTarget "InteractionOnSubviewsTests" */ = {
			isa = XCConfigurationList;
			buildConfigurations = (
				26A0A8841B33D6C6005F5A48 /* Debug */,
				26A0A8851B33D6C6005F5A48 /* Release */,
			);
			defaultConfigurationIsVisible = 0;
			defaultConfigurationName = Release;
		};
/* End XCConfigurationList section */
	};
	rootObject = 26A0A8551B33D6C6005F5A48 /* Project object */;
}
